
Microsoft Visual Studio Solution File, Format Version 12.00
# Visual Studio Version 16
VisualStudioVersion = 16.0.30621.155
MinimumVisualStudioVersion = 10.0.40219.1
Project("{9A19103F-16F7-4668-BE54-9A1E7A4F7556}") = "tour", "tour.csproj", "{AB86A540-91A5-4F9D-8727-F441E3247D3D}"
EndProject
Global
	GlobalSection(SolutionConfigurationPlatforms) = preSolution
		Debug|Any CPU = Debug|Any CPU
		Release|Any CPU = Release|Any CPU
	EndGlobalSection
	GlobalSection(ProjectConfigurationPlatforms) = postSolution
		{AB86A540-91A5-4F9D-8727-F441E3247D3D}.Debug|Any CPU.ActiveCfg = Debug|Any CPU
		{AB86A540-91A5-4F9D-8727-F441E3247D3D}.Debug|Any CPU.Build.0 = Debug|Any CPU
		{AB86A540-91A5-4F9D-8727-F441E3247D3D}.Release|Any CPU.ActiveCfg = Release|Any CPU
		{AB86A540-91A5-4F9D-8727-F441E3247D3D}.Release|Any CPU.Build.0 = Release|Any CPU
	EndGlobalSection
	GlobalSection(SolutionProperties) = preSolution
		HideSolutionNode = FALSE
	EndGlobalSection
	GlobalSection(ExtensibilityGlobals) = postSolution
		SolutionGuid = {96A6F6C6-6B37-446B-B4B8-FA90A28081D5}
	EndGlobalSection
EndGlobal
